
Microsoft Visual Studio Solution File, Format Version 12.00
# Visual Studio Version 16
VisualStudioVersion = 16.0.30011.22
MinimumVisualStudioVersion = 10.0.40219.1
Project("{FAE04EC0-301F-11D3-BF4B-00C04F79EFBC}") = "CabInvoiceGenerator", "CabInvoiceGenerator\CabInvoiceGenerator.csproj", "{BAB57C5F-53CF-4C6B-B6E4-95EB7BE306F2}"
EndProject
Project("{FAE04EC0-301F-11D3-BF4B-00C04F79EFBC}") = "InvoiceTest", "InvoiceTest\InvoiceTest.csproj", "{A91F3463-45C8-4553-B08F-E39321D3953A}"
EndProject
Global
	GlobalSection(SolutionConfigurationPlatforms) = preSolution
		Debug|Any CPU = Debug|Any CPU
		Release|Any CPU = Release|Any CPU
	EndGlobalSection
	GlobalSection(ProjectConfigurationPlatforms) = postSolution
		{BAB57C5F-53CF-4C6B-B6E4-95EB7BE306F2}.Debug|Any CPU.ActiveCfg = Debug|Any CPU
		{BAB57C5F-53CF-4C6B-B6E4-95EB7BE306F2}.Debug|Any CPU.Build.0 = Debug|Any CPU
		{BAB57C5F-53CF-4C6B-B6E4-95EB7BE306F2}.Release|Any CPU.ActiveCfg = Release|Any CPU
		{BAB57C5F-53CF-4C6B-B6E4-95EB7BE306F2}.Release|Any CPU.Build.0 = Release|Any CPU
		{A91F3463-45C8-4553-B08F-E39321D3953A}.Debug|Any CPU.ActiveCfg = Debug|Any CPU
		{A91F3463-45C8-4553-B08F-E39321D3953A}.Debug|Any CPU.Build.0 = Debug|Any CPU
		{A91F3463-45C8-4553-B08F-E39321D3953A}.Release|Any CPU.ActiveCfg = Release|Any CPU
		{A91F3463-45C8-4553-B08F-E39321D3953A}.Release|Any CPU.Build.0 = Release|Any CPU
	EndGlobalSection
	GlobalSection(SolutionProperties) = preSolution
		HideSolutionNode = FALSE
	EndGlobalSection
	GlobalSection(ExtensibilityGlobals) = postSolution
		SolutionGuid = {F10BE14C-837A-4A88-AE6A-96BB98370A5E}
	EndGlobalSection
EndGlobal
